{
    "version": "0.5",
    "requires": [
        "zlib/1.3.2#1cb806da49011867778ffb6ac7190fcb%1777558780.503",
        "sqlite3/3.50.4#fc0579bfa505c439d8abaf2af68e2697%1754052382.419",
        "protobuf/5.29.6#82b000e57d7f3310548a95176114e148%1778763148.342",
        "onetbb/2023.1.0#e093f6ab7de9b45b14a1c0bd09af038b%1785830469.721",
        "nlohmann_json/3.12.0#2d634ab0ec8d9f56353e5ccef6d6612c%1744735883.94",
        "metis/5.2.1#85cfe7ee0dfc0cba7c0334e92efcbbc6%1711018572.817",
        "hwloc/2.14.0#3f665a66b37dae6cf3907a6814b75791%1785329290.236",
        "gtsam/4.2.1#e9afbb277c20b9f6340caf83c70ea652%1781531578.747",
        "gtest/1.18.0#e2507fc4efe2ec9e2db9e5c91eefab9f%1786446847.733",
        "gklib/5.1.1#4d39dd79fe83a63c05abf487a2841d13%1743429921.126",
        "eigen/3.4.0#a95b834c9459d8b8cb6dba6426ca0409%1782832372.36",
        "bzip2/1.0.8#c470882369c2d95c5c77e970c0c7e321%1762886692.465",
        "boost/1.84.0#9603f598b872f2951b7a5ef9ea015641%1783338739.166",
        "abseil/20250127.0#e0dcc4b8a367edb49b062cb07ed8e9e6%1773137903.431"
    ],
    "build_requires": [
        "cmake/4.4.2#8a0d360635c870b1d5c675489ee25074%1786458127.662",
        "b2/5.5.3#043a75bcbb090e3f81f7ac849850d0ca%1784261134.143"
    ],
    "python_requires": [],
    "config_requires": []
}
